{
  "version": 4,
  "terraform_version": "1.14.9",
  "serial": 5,
  "lineage": "23c09a32-8501-05e4-52c2-41f7356bab8e",
  "outputs": {
    "app_url": {
      "value": "https://app-devops-cloud-lab-peinado-tf.azurewebsites.net",
      "type": "string"
    }
  },
  "resources": [
    {
      "mode": "managed",
      "type": "azurerm_container_registry",
      "name": "acr",
      "provider": "provider[\"registry.terraform.io/hashicorp/azurerm\"]",
      "instances": [
        {
          "schema_version": 2,
          "attributes": {
            "admin_enabled": true,
            "admin_password": "A25I2ChfZDk9t1nOh3Hxabw1BRY4UOiu9IvQzxgQTZ8RCiPZ1390JQQJ99CDAC5RqLJEqg7NAAACAZCR5fYC",
            "admin_username": "acrdevopscloudlabtf",
            "anonymous_pull_enabled": false,
            "data_endpoint_enabled": false,
            "encryption": [
              {
                "enabled": false,
                "identity_client_id": "",
                "key_vault_key_id": ""
              }
            ],
            "export_policy_enabled": true,
            "georeplications": [],
            "id": "/subscriptions/493f0e42-be21-4e4e-bcf6-9de4130a3c92/resourceGroups/rg-devops-cloud-lab-tf/providers/Microsoft.ContainerRegistry/registries/acrdevopscloudlabtf",
            "identity": [],
            "location": "westeurope",
            "login_server": "acrdevopscloudlabtf.azurecr.io",
            "name": "acrdevopscloudlabtf",
            "network_rule_bypass_option": "AzureServices",
            "network_rule_set": [],
            "public_network_access_enabled": true,
            "quarantine_policy_enabled": false,
            "resource_group_name": "rg-devops-cloud-lab-tf",
            "retention_policy": [
              {
                "days": 7,
                "enabled": false
              }
            ],
            "sku": "Basic",
            "tags": null,
            "timeouts": null,
            "trust_policy": [
              {
                "enabled": false
              }
            ],
            "zone_redundancy_enabled": false
          },
          "sensitive_attributes": [
            [
              {
                "type": "get_attr",
                "value": "admin_password"
              }
            ]
          ],
          "identity_schema_version": 0,
          "private": "eyJlMmJmYjczMC1lY2FhLTExZTYtOGY4OC0zNDM2M2JjN2M0YzAiOnsiY3JlYXRlIjoxODAwMDAwMDAwMDAwLCJkZWxldGUiOjE4MDAwMDAwMDAwMDAsInJlYWQiOjMwMDAwMDAwMDAwMCwidXBkYXRlIjoxODAwMDAwMDAwMDAwfSwic2NoZW1hX3ZlcnNpb24iOiIyIn0=",
          "dependencies": [
            "azurerm_resource_group.rg"
          ]
        }
      ]
    },
    {
      "mode": "managed",
      "type": "azurerm_linux_web_app",
      "name": "app",
      "provider": "provider[\"registry.terraform.io/hashicorp/azurerm\"]",
      "instances": [
        {
          "schema_version": 1,
          "attributes": {
            "app_settings": null,
            "auth_settings": [],
            "auth_settings_v2": [],
            "backup": [],
            "client_affinity_enabled": false,
            "client_certificate_enabled": false,
            "client_certificate_exclusion_paths": "",
            "client_certificate_mode": "Required",
            "connection_string": [],
            "custom_domain_verification_id": "93421B3CBEF3B9CBA5B132A1843683418A892A55F81790F3267247C007FD7D5B",
            "default_hostname": "app-devops-cloud-lab-peinado-tf.azurewebsites.net",
            "enabled": true,
            "ftp_publish_basic_authentication_enabled": true,
            "hosting_environment_id": "",
            "https_only": false,
            "id": "/subscriptions/493f0e42-be21-4e4e-bcf6-9de4130a3c92/resourceGroups/rg-devops-cloud-lab-tf/providers/Microsoft.Web/sites/app-devops-cloud-lab-peinado-tf",
            "identity": [],
            "key_vault_reference_identity_id": "SystemAssigned",
            "kind": "app,linux,container",
            "location": "westeurope",
            "logs": [],
            "name": "app-devops-cloud-lab-peinado-tf",
            "outbound_ip_address_list": [
              "52.174.167.45",
              "40.68.252.87",
              "52.174.162.33",
              "52.178.24.39",
              "52.233.175.59"
            ],
            "outbound_ip_addresses": "52.174.167.45,40.68.252.87,52.174.162.33,52.178.24.39,52.233.175.59",
            "possible_outbound_ip_address_list": [
              "52.174.167.45",
              "40.68.252.87",
              "52.174.162.33",
              "52.178.24.39",
              "51.145.141.166",
              "51.144.249.40",
              "20.13.51.74",
              "20.13.51.109",
              "20.13.51.115",
              "20.31.248.149",
              "20.13.51.187",
              "20.13.51.254",
              "20.4.240.49",
              "20.4.240.58",
              "20.76.156.235",
              "20.4.240.116",
              "20.103.79.211",
              "20.4.241.23",
              "52.233.175.59"
            ],
            "possible_outbound_ip_addresses": "52.174.167.45,40.68.252.87,52.174.162.33,52.178.24.39,51.145.141.166,51.144.249.40,20.13.51.74,20.13.51.109,20.13.51.115,20.31.248.149,20.13.51.187,20.13.51.254,20.4.240.49,20.4.240.58,20.76.156.235,20.4.240.116,20.103.79.211,20.4.241.23,52.233.175.59",
            "public_network_access_enabled": true,
            "resource_group_name": "rg-devops-cloud-lab-tf",
            "service_plan_id": "/subscriptions/493f0e42-be21-4e4e-bcf6-9de4130a3c92/resourceGroups/rg-devops-cloud-lab-tf/providers/Microsoft.Web/serverFarms/plan-devops-cloud-lab-tf",
            "site_config": [
              {
                "always_on": true,
                "api_definition_url": "",
                "api_management_api_id": "",
                "app_command_line": "",
                "application_stack": [
                  {
                    "docker_image": "cloudlab-api",
                    "docker_image_name": "",
                    "docker_image_tag": "latest",
                    "docker_registry_password": "",
                    "docker_registry_url": "",
                    "docker_registry_username": "",
                    "dotnet_version": "",
                    "go_version": "",
                    "java_server": "",
                    "java_server_version": "",
                    "java_version": "",
                    "node_version": "",
                    "php_version": "",
                    "python_version": "",
                    "ruby_version": ""
                  }
                ],
                "auto_heal_enabled": false,
                "auto_heal_setting": [],
                "container_registry_managed_identity_client_id": "",
                "container_registry_use_managed_identity": false,
                "cors": [],
                "default_documents": [
                  "Default.htm",
                  "Default.html",
                  "Default.asp",
                  "index.htm",
                  "index.html",
                  "iisstart.htm",
                  "default.aspx",
                  "index.php",
                  "hostingstart.html"
                ],
                "detailed_error_logging_enabled": false,
                "ftps_state": "Disabled",
                "health_check_eviction_time_in_min": 0,
                "health_check_path": "",
                "http2_enabled": false,
                "ip_restriction": [],
                "ip_restriction_default_action": "Allow",
                "linux_fx_version": "DOCKER|cloudlab-api:latest",
                "load_balancing_mode": "LeastRequests",
                "local_mysql_enabled": false,
                "managed_pipeline_mode": "Integrated",
                "minimum_tls_version": "1.2",
                "remote_debugging_enabled": false,
                "remote_debugging_version": "VS2022",
                "scm_ip_restriction": [],
                "scm_ip_restriction_default_action": "Allow",
                "scm_minimum_tls_version": "1.2",
                "scm_type": "None",
                "scm_use_main_ip_restriction": false,
                "use_32_bit_worker": true,
                "vnet_route_all_enabled": false,
                "websockets_enabled": false,
                "worker_count": 1
              }
            ],
            "site_credential": [
              {
                "name": "$app-devops-cloud-lab-peinado-tf",
                "password": "6iqroqtJjjfhMYHAbH43XKQG66kcZHw2p6lkwSsBagZwJdxsZfhcBFjHe18o"
              }
            ],
            "sticky_settings": [],
            "storage_account": [],
            "tags": null,
            "timeouts": null,
            "virtual_network_subnet_id": "",
            "webdeploy_publish_basic_authentication_enabled": true,
            "zip_deploy_file": ""
          },
          "sensitive_attributes": [
            [
              {
                "type": "get_attr",
                "value": "custom_domain_verification_id"
              }
            ],
            [
              {
                "type": "get_attr",
                "value": "site_config"
              },
              {
                "type": "index",
                "value": {
                  "value": 0,
                  "type": "number"
                }
              },
              {
                "type": "get_attr",
                "value": "application_stack"
              },
              {
                "type": "index",
                "value": {
                  "value": 0,
                  "type": "number"
                }
              },
              {
                "type": "get_attr",
                "value": "docker_registry_password"
              }
            ],
            [
              {
                "type": "get_attr",
                "value": "site_credential"
              }
            ]
          ],
          "identity_schema_version": 0,
          "private": "eyJlMmJmYjczMC1lY2FhLTExZTYtOGY4OC0zNDM2M2JjN2M0YzAiOnsiY3JlYXRlIjoxODAwMDAwMDAwMDAwLCJkZWxldGUiOjE4MDAwMDAwMDAwMDAsInJlYWQiOjMwMDAwMDAwMDAwMCwidXBkYXRlIjoxODAwMDAwMDAwMDAwfSwic2NoZW1hX3ZlcnNpb24iOiIxIn0=",
          "dependencies": [
            "azurerm_resource_group.rg",
            "azurerm_service_plan.plan"
          ]
        }
      ]
    },
    {
      "mode": "managed",
      "type": "azurerm_resource_group",
      "name": "rg",
      "provider": "provider[\"registry.terraform.io/hashicorp/azurerm\"]",
      "instances": [
        {
          "schema_version": 0,
          "attributes": {
            "id": "/subscriptions/493f0e42-be21-4e4e-bcf6-9de4130a3c92/resourceGroups/rg-devops-cloud-lab-tf",
            "location": "westeurope",
            "managed_by": "",
            "name": "rg-devops-cloud-lab-tf",
            "tags": null,
            "timeouts": null
          },
          "sensitive_attributes": [],
          "identity_schema_version": 0,
          "private": "eyJlMmJmYjczMC1lY2FhLTExZTYtOGY4OC0zNDM2M2JjN2M0YzAiOnsiY3JlYXRlIjo1NDAwMDAwMDAwMDAwLCJkZWxldGUiOjU0MDAwMDAwMDAwMDAsInJlYWQiOjMwMDAwMDAwMDAwMCwidXBkYXRlIjo1NDAwMDAwMDAwMDAwfX0="
        }
      ]
    },
    {
      "mode": "managed",
      "type": "azurerm_service_plan",
      "name": "plan",
      "provider": "provider[\"registry.terraform.io/hashicorp/azurerm\"]",
      "instances": [
        {
          "schema_version": 1,
          "attributes": {
            "app_service_environment_id": "",
            "id": "/subscriptions/493f0e42-be21-4e4e-bcf6-9de4130a3c92/resourceGroups/rg-devops-cloud-lab-tf/providers/Microsoft.Web/serverFarms/plan-devops-cloud-lab-tf",
            "kind": "linux",
            "location": "westeurope",
            "maximum_elastic_worker_count": 1,
            "name": "plan-devops-cloud-lab-tf",
            "os_type": "Linux",
            "per_site_scaling_enabled": false,
            "reserved": true,
            "resource_group_name": "rg-devops-cloud-lab-tf",
            "sku_name": "B1",
            "tags": null,
            "timeouts": null,
            "worker_count": 1,
            "zone_balancing_enabled": false
          },
          "sensitive_attributes": [],
          "identity_schema_version": 0,
          "private": "eyJlMmJmYjczMC1lY2FhLTExZTYtOGY4OC0zNDM2M2JjN2M0YzAiOnsiY3JlYXRlIjozNjAwMDAwMDAwMDAwLCJkZWxldGUiOjM2MDAwMDAwMDAwMDAsInJlYWQiOjMwMDAwMDAwMDAwMCwidXBkYXRlIjozNjAwMDAwMDAwMDAwfSwic2NoZW1hX3ZlcnNpb24iOiIxIn0=",
          "dependencies": [
            "azurerm_resource_group.rg"
          ]
        }
      ]
    }
  ],
  "check_results": null
}
